
Microsoft Visual Studio Solution File, Format Version 12.00
# Visual Studio 14
VisualStudioVersion = 14.0.25420.1
MinimumVisualStudioVersion = 10.0.40219.1
Project("{00D1A9C2-B5F0-4AF3-8072-F6C62B433612}") = "VehicleValuation.Database", "VehicleValuation.Database\VehicleValuation.Database.sqlproj", "{266BFE35-A1CF-4DD2-B698-41FD23EE4435}"
EndProject
Project("{FAE04EC0-301F-11D3-BF4B-00C04F79EFBC}") = "VehicleValuation.DataAccess", "VehicleValuation.DataAccess\VehicleValuation.DataAccess.csproj", "{8A7BC0E5-682D-4D19-9103-D99072869F94}"
EndProject
Project("{FAE04EC0-301F-11D3-BF4B-00C04F79EFBC}") = "VehicleValuation.Services", "VehicleValuation.Services\VehicleValuation.Services.csproj", "{30E3BA8C-A74D-4024-8E62-C31F09AE286E}"
EndProject
Project("{FAE04EC0-301F-11D3-BF4B-00C04F79EFBC}") = "VehicleValuation.Services.IntegrationTests", "VehicleValuation.Services.IntegrationTests\VehicleValuation.Services.IntegrationTests.csproj", "{9AB243BC-DC50-41DC-86D3-B6AFC69837A7}"
EndProject
Project("{FAE04EC0-301F-11D3-BF4B-00C04F79EFBC}") = "VehicleValuation.DataAccess.IntegrationTests", "VehicleValuation.DataAccess.IntegrationTests\VehicleValuation.DataAccess.IntegrationTests.csproj", "{30B167A1-07D1-406B-999F-6EF4438619B1}"
EndProject
Project("{FAE04EC0-301F-11D3-BF4B-00C04F79EFBC}") = "VehicleValuation.Web", "VehicleValuation.Web\VehicleValuation.Web.csproj", "{A2BD0A24-9162-4DE9-9876-8E5753973E31}"
EndProject
Project("{FAE04EC0-301F-11D3-BF4B-00C04F79EFBC}") = "VehicleValuation.Web.UnitTests", "VehicleValuation.Web.UnitTests\VehicleValuation.Web.UnitTests.csproj", "{7C0BAA54-CB44-4A80-AAAD-840A603E825B}"
EndProject
Global
	GlobalSection(SolutionConfigurationPlatforms) = preSolution
		Debug|Any CPU = Debug|Any CPU
		Release|Any CPU = Release|Any CPU
	EndGlobalSection
	GlobalSection(ProjectConfigurationPlatforms) = postSolution
		{266BFE35-A1CF-4DD2-B698-41FD23EE4435}.Debug|Any CPU.ActiveCfg = Debug|Any CPU
		{266BFE35-A1CF-4DD2-B698-41FD23EE4435}.Debug|Any CPU.Build.0 = Debug|Any CPU
		{266BFE35-A1CF-4DD2-B698-41FD23EE4435}.Debug|Any CPU.Deploy.0 = Debug|Any CPU
		{266BFE35-A1CF-4DD2-B698-41FD23EE4435}.Release|Any CPU.ActiveCfg = Release|Any CPU
		{266BFE35-A1CF-4DD2-B698-41FD23EE4435}.Release|Any CPU.Build.0 = Release|Any CPU
		{266BFE35-A1CF-4DD2-B698-41FD23EE4435}.Release|Any CPU.Deploy.0 = Release|Any CPU
		{8A7BC0E5-682D-4D19-9103-D99072869F94}.Debug|Any CPU.ActiveCfg = Debug|Any CPU
		{8A7BC0E5-682D-4D19-9103-D99072869F94}.Debug|Any CPU.Build.0 = Debug|Any CPU
		{8A7BC0E5-682D-4D19-9103-D99072869F94}.Release|Any CPU.ActiveCfg = Release|Any CPU
		{8A7BC0E5-682D-4D19-9103-D99072869F94}.Release|Any CPU.Build.0 = Release|Any CPU
		{30E3BA8C-A74D-4024-8E62-C31F09AE286E}.Debug|Any CPU.ActiveCfg = Debug|Any CPU
		{30E3BA8C-A74D-4024-8E62-C31F09AE286E}.Debug|Any CPU.Build.0 = Debug|Any CPU
		{30E3BA8C-A74D-4024-8E62-C31F09AE286E}.Release|Any CPU.ActiveCfg = Release|Any CPU
		{30E3BA8C-A74D-4024-8E62-C31F09AE286E}.Release|Any CPU.Build.0 = Release|Any CPU
		{9AB243BC-DC50-41DC-86D3-B6AFC69837A7}.Debug|Any CPU.ActiveCfg = Debug|Any CPU
		{9AB243BC-DC50-41DC-86D3-B6AFC69837A7}.Debug|Any CPU.Build.0 = Debug|Any CPU
		{9AB243BC-DC50-41DC-86D3-B6AFC69837A7}.Release|Any CPU.ActiveCfg = Release|Any CPU
		{9AB243BC-DC50-41DC-86D3-B6AFC69837A7}.Release|Any CPU.Build.0 = Release|Any CPU
		{30B167A1-07D1-406B-999F-6EF4438619B1}.Debug|Any CPU.ActiveCfg = Debug|Any CPU
		{30B167A1-07D1-406B-999F-6EF4438619B1}.Debug|Any CPU.Build.0 = Debug|Any CPU
		{30B167A1-07D1-406B-999F-6EF4438619B1}.Release|Any CPU.ActiveCfg = Release|Any CPU
		{30B167A1-07D1-406B-999F-6EF4438619B1}.Release|Any CPU.Build.0 = Release|Any CPU
		{A2BD0A24-9162-4DE9-9876-8E5753973E31}.Debug|Any CPU.ActiveCfg = Debug|Any CPU
		{A2BD0A24-9162-4DE9-9876-8E5753973E31}.Debug|Any CPU.Build.0 = Debug|Any CPU
		{A2BD0A24-9162-4DE9-9876-8E5753973E31}.Release|Any CPU.ActiveCfg = Release|Any CPU
		{A2BD0A24-9162-4DE9-9876-8E5753973E31}.Release|Any CPU.Build.0 = Release|Any CPU
		{7C0BAA54-CB44-4A80-AAAD-840A603E825B}.Debug|Any CPU.ActiveCfg = Debug|Any CPU
		{7C0BAA54-CB44-4A80-AAAD-840A603E825B}.Debug|Any CPU.Build.0 = Debug|Any CPU
		{7C0BAA54-CB44-4A80-AAAD-840A603E825B}.Release|Any CPU.ActiveCfg = Release|Any CPU
		{7C0BAA54-CB44-4A80-AAAD-840A603E825B}.Release|Any CPU.Build.0 = Release|Any CPU
	EndGlobalSection
	GlobalSection(SolutionProperties) = preSolution
		HideSolutionNode = FALSE
	EndGlobalSection
EndGlobal
